// !$*UTF8*$!
{
	archiveVersion = 1;
	classes = {
	};
	objectVersion = 46;
	objects = {

/* Begin PBXBuildFile section */
		BAC09B9F1C218D16003C9C8B /* AppDelegate.swift in Sources */ = {isa = PBXBuildFile; fileRef = BAC09B9E1C218D16003C9C8B /* AppDelegate.swift */; };
		BAC09BA11C218D16003C9C8B /* CardsViewController.swift in Sources */ = {isa = PBXBuildFile; fileRef = BAC09BA01C218D16003C9C8B /* CardsViewController.swift */; };
		BAC09BA41C218D16003C9C8B /* Main.storyboard in Resources */ = {isa = PBXBuildFile; fileRef = BAC09BA21C218D16003C9C8B /* Main.storyboard */; };
		BAC09BA61C218D16003C9C8B /* Assets.xcassets in Resources */ = {isa = PBXBuildFile; fileRef = BAC09BA51C218D16003C9C8B /* Assets.xcassets */; };
		BAC09BA91C218D16003C9C8B /* LaunchScreen.storyboard in Resources */ = {isa = PBXBuildFile; fileRef = BAC09BA71C218D16003C9C8B /* LaunchScreen.storyboard */; };
		BAC09BB11C21938C003C9C8B /* DraggableImageView.xib in Resources */ = {isa = PBXBuildFile; fileRef = BAC09BB01C21938C003C9C8B /* DraggableImageView.xib */; settings = {ASSET_TAGS = (); }; };
		BAC09BB31C219434003C9C8B /* DraggableImageView.swift in Sources */ = {isa = PBXBuildFile; fileRef = BAC09BB21C219434003C9C8B /* DraggableImageView.swift */; settings = {ASSET_TAGS = (); }; };
/* End PBXBuildFile section */

/* Begin PBXFileReference section */
		BAC09B9B1C218D16003C9C8B /* Tinder.app */ = {isa = PBXFileReference; explicitFileType = wrapper.application; includeInIndex = 0; path = Tinder.app; sourceTree = BUILT_PRODUCTS_DIR; };
		BAC09B9E1C218D16003C9C8B /* AppDelegate.swift */ = {isa = PBXFileReference; lastKnownFileType = sourcecode.swift; path = AppDelegate.swift; sourceTree = "<group>"; };
		BAC09BA01C218D16003C9C8B /* CardsViewController.swift */ = {isa = PBXFileReference; lastKnownFileType = sourcecode.swift; path = CardsViewController.swift; sourceTree = "<group>"; };
		BAC09BA31C218D16003C9C8B /* Base */ = {isa = PBXFileReference; lastKnownFileType = file.storyboard; name = Base; path = Base.lproj/Main.storyboard; sourceTree = "<group>"; };
		BAC09BA51C218D16003C9C8B /* Assets.xcassets */ = {isa = PBXFileReference; lastKnownFileType = folder.assetcatalog; path = Assets.xcassets; sourceTree = "<group>"; };
		BAC09BA81C218D16003C9C8B /* Base */ = {isa = PBXFileReference; lastKnownFileType = file.storyboard; name = Base; path = Base.lproj/LaunchScreen.storyboard; sourceTree = "<group>"; };
		BAC09BAA1C218D16003C9C8B /* Info.plist */ = {isa = PBXFileReference; lastKnownFileType = text.plist.xml; path = Info.plist; sourceTree = "<group>"; };
		BAC09BB01C21938C003C9C8B /* DraggableImageView.xib */ = {isa = PBXFileReference; fileEncoding = 4; lastKnownFileType = file.xib; path = DraggableImageView.xib; sourceTree = "<group>"; };
		BAC09BB21C219434003C9C8B /* DraggableImageView.swift */ = {isa = PBXFileReference; fileEncoding = 4; lastKnownFileType = sourcecode.swift; path = DraggableImageView.swift; sourceTree = "<group>"; };
/* End PBXFileReference section */

/* Begin PBXFrameworksBuildPhase section */
		BAC09B981C218D16003C9C8B /* Frameworks */ = {
			isa = PBXFrameworksBuildPhase;
			buildActionMask = 2147483647;
			files = (
			);
			runOnlyForDeploymentPostprocessing = 0;
		};
/* End PBXFrameworksBuildPhase section */

/* Begin PBXGroup section */
		BAC09B921C218D16003C9C8B = {
			isa = PBXGroup;
			children = (
				BAC09B9D1C218D16003C9C8B /* Tinder */,
				BAC09B9C1C218D16003C9C8B /* Products */,
			);
			sourceTree = "<group>";
		};
		BAC09B9C1C218D16003C9C8B /* Products */ = {
			isa = PBXGroup;
			children = (
				BAC09B9B1C218D16003C9C8B /* Tinder.app */,
			);
			name = Products;
			sourceTree = "<group>";
		};
		BAC09B9D1C218D16003C9C8B /* Tinder */ = {
			isa = PBXGroup;
			children = (
				BAC09B9E1C218D16003C9C8B /* AppDelegate.swift */,
				BAC09BA01C218D16003C9C8B /* CardsViewController.swift */,
				BAC09BA21C218D16003C9C8B /* Main.storyboard */,
				BAC09BA51C218D16003C9C8B /* Assets.xcassets */,
				BAC09BA71C218D16003C9C8B /* LaunchScreen.storyboard */,
				BAC09BAA1C218D16003C9C8B /* Info.plist */,
				BAC09BB01C21938C003C9C8B /* DraggableImageView.xib */,
				BAC09BB21C219434003C9C8B /* DraggableImageView.swift */,
			);
			path = Tinder;
			sourceTree = "<group>";
		};
/* End PBXGroup section */

/* Begin PBXNativeTarget section */
		BAC09B9A1C218D16003C9C8B /* Tinder */ = {
			isa = PBXNativeTarget;
			buildConfigurationList = BAC09BAD1C218D16003C9C8B /* Build configuration list for PBXNativeTarget "Tinder" */;
			buildPhases = (
				BAC09B971C218D16003C9C8B /* Sources */,
				BAC09B981C218D16003C9C8B /* Frameworks */,
				BAC09B991C218D16003C9C8B /* Resources */,
			);
			buildRules = (
			);
			dependencies = (
			);
			name = Tinder;
			productName = Tinder;
			productReference = BAC09B9B1C218D16003C9C8B /* Tinder.app */;
			productType = "com.apple.product-type.application";
		};
/* End PBXNativeTarget section */

/* Begin PBXProject section */
		BAC09B931C218D16003C9C8B /* Project object */ = {
			isa = PBXProject;
			attributes = {
				LastUpgradeCheck = 0700;
				ORGANIZATIONNAME = "Dinh Thi Minh";
				TargetAttributes = {
					BAC09B9A1C218D16003C9C8B = {
						CreatedOnToolsVersion = 7.0.1;
					};
				};
			};
			buildConfigurationList = BAC09B961C218D16003C9C8B /* Build configuration list for PBXProject "Tinder" */;
			compatibilityVersion = "Xcode 3.2";
			developmentRegion = English;
			hasScannedForEncodings = 0;
			knownRegions = (
				en,
				Base,
			);
			mainGroup = BAC09B921C218D16003C9C8B;
			productRefGroup = BAC09B9C1C218D16003C9C8B /* Products */;
			projectDirPath = "";
			projectRoot = "";
			targets = (
				BAC09B9A1C218D16003C9C8B /* Tinder */,
			);
		};
/* End PBXProject section */

/* Begin PBXResourcesBuildPhase section */
		BAC09B991C218D16003C9C8B /* Resources */ = {
			isa = PBXResourcesBuildPhase;
			buildActionMask = 2147483647;
			files = (
				BAC09BA91C218D16003C9C8B /* LaunchScreen.storyboard in Resources */,
				BAC09BA61C218D16003C9C8B /* Assets.xcassets in Resources */,
				BAC09BB11C21938C003C9C8B /* DraggableImageView.xib in Resources */,
				BAC09BA41C218D16003C9C8B /* Main.storyboard in Resources */,
			);
			runOnlyForDeploymentPostprocessing = 0;
		};
/* End PBXResourcesBuildPhase section */

/* Begin PBXSourcesBuildPhase section */
		BAC09B971C218D16003C9C8B /* Sources */ = {
			isa = PBXSourcesBuildPhase;
			buildActionMask = 2147483647;
			files = (
				BAC09BA11C218D16003C9C8B /* CardsViewController.swift in Sources */,
				BAC09BB31C219434003C9C8B /* DraggableImageView.swift in Sources */,
				BAC09B9F1C218D16003C9C8B /* AppDelegate.swift in Sources */,
			);
			runOnlyForDeploymentPostprocessing = 0;
		};
/* End PBXSourcesBuildPhase section */

/* Begin PBXVariantGroup section */
		BAC09BA21C218D16003C9C8B /* Main.storyboard */ = {
			isa = PBXVariantGroup;
			children = (
				BAC09BA31C218D16003C9C8B /* Base */,
			);
			name = Main.storyboard;
			sourceTree = "<group>";
		};
		BAC09BA71C218D16003C9C8B /* LaunchScreen.storyboard */ = {
			isa = PBXVariantGroup;
			children = (
				BAC09BA81C218D16003C9C8B /* Base */,
			);
			name = LaunchScreen.storyboard;
			sourceTree = "<group>";
		};
/* End PBXVariantGroup section */

/* Begin XCBuildConfiguration section */
		BAC09BAB1C218D16003C9C8B /* Debug */ = {
			isa = XCBuildConfiguration;
			buildSettings = {
				ALWAYS_SEARCH_USER_PATHS = NO;
				CLANG_CXX_LANGUAGE_STANDARD = "gnu++0x";
				CLANG_CXX_LIBRARY = "libc++";
				CLANG_ENABLE_MODULES = YES;
				CLANG_ENABLE_OBJC_ARC = YES;
				CLANG_WARN_BOOL_CONVERSION = YES;
				CLANG_WARN_CONSTANT_CONVERSION = YES;
				CLANG_WARN_DIRECT_OBJC_ISA_USAGE = YES_ERROR;
				CLANG_WARN_EMPTY_BODY = YES;
				CLANG_WARN_ENUM_CONVERSION = YES;
				CLANG_WARN_INT_CONVERSION = YES;
				CLANG_WARN_OBJC_ROOT_CLASS = YES_ERROR;
				CLANG_WARN_UNREACHABLE_CODE = YES;
				CLANG_WARN__DUPLICATE_METHOD_MATCH = YES;
				"CODE_SIGN_IDENTITY[sdk=iphoneos*]" = "iPhone Developer";
				COPY_PHASE_STRIP = NO;
				DEBUG_INFORMATION_FORMAT = dwarf;
				ENABLE_STRICT_OBJC_MSGSEND = YES;
				ENABLE_TESTABILITY = YES;
				GCC_C_LANGUAGE_STANDARD = gnu99;
				GCC_DYNAMIC_NO_PIC = NO;
				GCC_NO_COMMON_BLOCKS = YES;
				GCC_OPTIMIZATION_LEVEL = 0;
				GCC_PREPROCESSOR_DEFINITIONS = (
					"DEBUG=1",
					"$(inherited)",
				);
				GCC_WARN_64_TO_32_BIT_CONVERSION = YES;
				GCC_WARN_ABOUT_RETURN_TYPE = YES_ERROR;
				GCC_WARN_UNDECLARED_SELECTOR = YES;
				GCC_WARN_UNINITIALIZED_AUTOS = YES_AGGRESSIVE;
				GCC_WARN_UNUSED_FUNCTION = YES;
				GCC_WARN_UNUSED_VARIABLE = YES;
				IPHONEOS_DEPLOYMENT_TARGET = 9.0;
				MTL_ENABLE_DEBUG_INFO = YES;
				ONLY_ACTIVE_ARCH = YES;
				SDKROOT = iphoneos;
				SWIFT_OPTIMIZATION_LEVEL = "-Onone";
			};
			name = Debug;
		};
		BAC09BAC1C218D16003C9C8B /* Release */ = {
			isa = XCBuildConfiguration;
			buildSettings = {
				ALWAYS_SEARCH_USER_PATHS = NO;
				CLANG_CXX_LANGUAGE_STANDARD = "gnu++0x";
				CLANG_CXX_LIBRARY = "libc++";
				CLANG_ENABLE_MODULES = YES;
				CLANG_ENABLE_OBJC_ARC = YES;
				CLANG_WARN_BOOL_CONVERSION = YES;
				CLANG_WARN_CONSTANT_CONVERSION = YES;
				CLANG_WARN_DIRECT_OBJC_ISA_USAGE = YES_ERROR;
				CLANG_WARN_EMPTY_BODY = YES;
				CLANG_WARN_ENUM_CONVERSION = YES;
				CLANG_WARN_INT_CONVERSION = YES;
				CLANG_WARN_OBJC_ROOT_CLASS = YES_ERROR;
				CLANG_WARN_UNREACHABLE_CODE = YES;
				CLANG_WARN__DUPLICATE_METHOD_MATCH = YES;
				"CODE_SIGN_IDENTITY[sdk=iphoneos*]" = "iPhone Developer";
				COPY_PHASE_STRIP = NO;
				DEBUG_INFORMATION_FORMAT = "dwarf-with-dsym";
				ENABLE_NS_ASSERTIONS = NO;
				ENABLE_STRICT_OBJC_MSGSEND = YES;
				GCC_C_LANGUAGE_STANDARD = gnu99;
				GCC_NO_COMMON_BLOCKS = YES;
				GCC_WARN_64_TO_32_BIT_CONVERSION = YES;
				GCC_WARN_ABOUT_RETURN_TYPE = YES_ERROR;
				GCC_WARN_UNDECLARED_SELECTOR = YES;
				GCC_WARN_UNINITIALIZED_AUTOS = YES_AGGRESSIVE;
				GCC_WARN_UNUSED_FUNCTION = YES;
				GCC_WARN_UNUSED_VARIABLE = YES;
				IPHONEOS_DEPLOYMENT_TARGET = 9.0;
				MTL_ENABLE_DEBUG_INFO = NO;
				SDKROOT = iphoneos;
				VALIDATE_PRODUCT = YES;
			};
			name = Release;
		};
		BAC09BAE1C218D16003C9C8B /* Debug */ = {
			isa = XCBuildConfiguration;
			buildSettings = {
				ASSETCATALOG_COMPILER_APPICON_NAME = AppIcon;
				INFOPLIST_FILE = Tinder/Info.plist;
				LD_RUNPATH_SEARCH_PATHS = "$(inherited) @executable_path/Frameworks";
				PRODUCT_BUNDLE_IDENTIFIER = com.codepath.Tinder;
				PRODUCT_NAME = "$(TARGET_NAME)";
			};
			name = Debug;
		};
		BAC09BAF1C218D16003C9C8B /* Release */ = {
			isa = XCBuildConfiguration;
			buildSettings = {
				ASSETCATALOG_COMPILER_APPICON_NAME = AppIcon;
				INFOPLIST_FILE = Tinder/Info.plist;
				LD_RUNPATH_SEARCH_PATHS = "$(inherited) @executable_path/Frameworks";
				PRODUCT_BUNDLE_IDENTIFIER = com.codepath.Tinder;
				PRODUCT_NAME = "$(TARGET_NAME)";
			};
			name = Release;
		};
/* End XCBuildConfiguration section */

/* Begin XCConfigurationList section */
		BAC09B961C218D16003C9C8B /* Build configuration list for PBXProject "Tinder" */ = {
			isa = XCConfigurationList;
			buildConfigurations = (
				BAC09BAB1C218D16003C9C8B /* Debug */,
				BAC09BAC1C218D16003C9C8B /* Release */,
			);
			defaultConfigurationIsVisible = 0;
			defaultConfigurationName = Release;
		};
		BAC09BAD1C218D16003C9C8B /* Build configuration list for PBXNativeTarget "Tinder" */ = {
			isa = XCConfigurationList;
			buildConfigurations = (
				BAC09BAE1C218D16003C9C8B /* Debug */,
				BAC09BAF1C218D16003C9C8B /* Release */,
			);
			defaultConfigurationIsVisible = 0;
			defaultConfigurationName = Release;
		};
/* End XCConfigurationList section */
	};
	rootObject = BAC09B931C218D16003C9C8B /* Project object */;
}
